{
  "name": "polyedge-nodejs-example",
  "version": "1.0.0",
  "lockfileVersion": 3,
  "requires": true,
  "packages": {
    "": {
      "name": "polyedge-nodejs-example",
      "version": "1.0.0",
      "dependencies": {
        "eventsource-client": "^1.1.0"
      }
    },
    "node_modules/eventsource-client": {
      "version": "1.2.0",
      "resolved": "https://registry.npmjs.org/eventsource-client/-/eventsource-client-1.2.0.tgz",
      "integrity": "sha512-kDI75RSzO3TwyG/K9w1ap8XwqSPcwi6jaMkNulfVeZmSeUM49U8kUzk1s+vKNt0tGrXgK47i+620Yasn1ccFiw==",
      "license": "MIT",
      "dependencies": {
        "eventsource-parser": "^3.0.0"
      },
      "engines": {
        "node": ">=18.0.0"
      }
    },
    "node_modules/eventsource-parser": {
      "version": "3.0.6",
      "resolved": "https://registry.npmjs.org/eventsource-parser/-/eventsource-parser-3.0.6.tgz",
      "integrity": "sha512-Vo1ab+QXPzZ4tCa8SwIHJFaSzy4R6SHf7BY79rFBDf0idraZWAkYrDjDj8uWaSm3S2TK+hJ7/t1CEmZ7jXw+pg==",
      "license": "MIT",
      "engines": {
        "node": ">=18.0.0"
      }
    }
  }
}
